
Microsoft Visual Studio Solution File, Format Version 12.00
# Visual Studio Version 17
VisualStudioVersion = 17.0.31903.59
MinimumVisualStudioVersion = 10.0.40219.1
Project("{9A19103F-16F7-4668-BE54-9A1E7A4F7556}") = "CashSloth.App", "src\\CashSloth.App\\CashSloth.App.csproj", "{4FD5B73B-3C05-4189-BBDE-B45B18F331FE}"
EndProject
Project("{2150E333-8FDC-42A3-9474-1A3956D46DE8}") = "tests", "tests", "{0AB3BF05-4346-4AA6-1389-037BE0695223}"
EndProject
Project("{FAE04EC0-301F-11D3-BF4B-00C04F79EFBC}") = "CashSloth.App.Tests", "tests\CashSloth.App.Tests\CashSloth.App.Tests.csproj", "{26BB0D54-50BD-4381-9C5F-3C0E42BB6E98}"
EndProject
Global
	GlobalSection(SolutionConfigurationPlatforms) = preSolution
		Debug|Any CPU = Debug|Any CPU
		Debug|x64 = Debug|x64
		Debug|x86 = Debug|x86
		Release|Any CPU = Release|Any CPU
		Release|x64 = Release|x64
		Release|x86 = Release|x86
	EndGlobalSection
	GlobalSection(ProjectConfigurationPlatforms) = postSolution
		{4FD5B73B-3C05-4189-BBDE-B45B18F331FE}.Debug|Any CPU.ActiveCfg = Debug|Any CPU
		{4FD5B73B-3C05-4189-BBDE-B45B18F331FE}.Debug|Any CPU.Build.0 = Debug|Any CPU
		{4FD5B73B-3C05-4189-BBDE-B45B18F331FE}.Debug|x64.ActiveCfg = Debug|Any CPU
		{4FD5B73B-3C05-4189-BBDE-B45B18F331FE}.Debug|x64.Build.0 = Debug|Any CPU
		{4FD5B73B-3C05-4189-BBDE-B45B18F331FE}.Debug|x86.ActiveCfg = Debug|Any CPU
		{4FD5B73B-3C05-4189-BBDE-B45B18F331FE}.Debug|x86.Build.0 = Debug|Any CPU
		{4FD5B73B-3C05-4189-BBDE-B45B18F331FE}.Release|Any CPU.ActiveCfg = Release|Any CPU
		{4FD5B73B-3C05-4189-BBDE-B45B18F331FE}.Release|Any CPU.Build.0 = Release|Any CPU
		{4FD5B73B-3C05-4189-BBDE-B45B18F331FE}.Release|x64.ActiveCfg = Release|Any CPU
		{4FD5B73B-3C05-4189-BBDE-B45B18F331FE}.Release|x64.Build.0 = Release|Any CPU
		{4FD5B73B-3C05-4189-BBDE-B45B18F331FE}.Release|x86.ActiveCfg = Release|Any CPU
		{4FD5B73B-3C05-4189-BBDE-B45B18F331FE}.Release|x86.Build.0 = Release|Any CPU
		{26BB0D54-50BD-4381-9C5F-3C0E42BB6E98}.Debug|Any CPU.ActiveCfg = Debug|Any CPU
		{26BB0D54-50BD-4381-9C5F-3C0E42BB6E98}.Debug|Any CPU.Build.0 = Debug|Any CPU
		{26BB0D54-50BD-4381-9C5F-3C0E42BB6E98}.Debug|x64.ActiveCfg = Debug|Any CPU
		{26BB0D54-50BD-4381-9C5F-3C0E42BB6E98}.Debug|x64.Build.0 = Debug|Any CPU
		{26BB0D54-50BD-4381-9C5F-3C0E42BB6E98}.Debug|x86.ActiveCfg = Debug|Any CPU
		{26BB0D54-50BD-4381-9C5F-3C0E42BB6E98}.Debug|x86.Build.0 = Debug|Any CPU
		{26BB0D54-50BD-4381-9C5F-3C0E42BB6E98}.Release|Any CPU.ActiveCfg = Release|Any CPU
		{26BB0D54-50BD-4381-9C5F-3C0E42BB6E98}.Release|Any CPU.Build.0 = Release|Any CPU
		{26BB0D54-50BD-4381-9C5F-3C0E42BB6E98}.Release|x64.ActiveCfg = Release|Any CPU
		{26BB0D54-50BD-4381-9C5F-3C0E42BB6E98}.Release|x64.Build.0 = Release|Any CPU
		{26BB0D54-50BD-4381-9C5F-3C0E42BB6E98}.Release|x86.ActiveCfg = Release|Any CPU
		{26BB0D54-50BD-4381-9C5F-3C0E42BB6E98}.Release|x86.Build.0 = Release|Any CPU
	EndGlobalSection
	GlobalSection(SolutionProperties) = preSolution
		HideSolutionNode = FALSE
	EndGlobalSection
GlobalSection(NestedProjects) = preSolution
		{26BB0D54-50BD-4381-9C5F-3C0E42BB6E98} = {0AB3BF05-4346-4AA6-1389-037BE0695223}
EndGlobalSection
	GlobalSection(ExtensibilityGlobals) = postSolution
		SolutionGuid = {BF973B64-9EDC-4732-9428-E895A587CC6F}
	EndGlobalSection
EndGlobal
